
Microsoft Visual Studio Solution File, Format Version 12.00
# Visual Studio Version 16
VisualStudioVersion = 16.0.31205.134
MinimumVisualStudioVersion = 10.0.40219.1
Project("{9A19103F-16F7-4668-BE54-9A1E7A4F7556}") = "mmoa.Domain", "mmoa.domain\mmoa.Domain.csproj", "{86C409A0-786D-4FF7-80B6-8A95630E2425}"
EndProject
Global
	GlobalSection(SolutionConfigurationPlatforms) = preSolution
		Debug|Any CPU = Debug|Any CPU
		Release|Any CPU = Release|Any CPU
	EndGlobalSection
	GlobalSection(ProjectConfigurationPlatforms) = postSolution
		{86C409A0-786D-4FF7-80B6-8A95630E2425}.Debug|Any CPU.ActiveCfg = Debug|Any CPU
		{86C409A0-786D-4FF7-80B6-8A95630E2425}.Debug|Any CPU.Build.0 = Debug|Any CPU
		{86C409A0-786D-4FF7-80B6-8A95630E2425}.Release|Any CPU.ActiveCfg = Release|Any CPU
		{86C409A0-786D-4FF7-80B6-8A95630E2425}.Release|Any CPU.Build.0 = Release|Any CPU
	EndGlobalSection
	GlobalSection(SolutionProperties) = preSolution
		HideSolutionNode = FALSE
	EndGlobalSection
	GlobalSection(ExtensibilityGlobals) = postSolution
		SolutionGuid = {368BF1D2-6C9F-4F56-9CC9-3E30F327CC3C}
	EndGlobalSection
EndGlobal
